{
    "name": "angular-point-group-manager",
    "version": "6.0.0",
    "lockfileVersion": 3,
    "requires": true,
    "packages": {
        "": {
            "name": "angular-point-group-manager",
            "version": "6.0.0",
            "license": "MIT",
            "devDependencies": {
                "@types/angular": "~1.5.19",
                "@types/core-js": "~0.9.35",
                "@types/hammerjs": "^2.0.34",
                "@types/jasmine": "~2.5.40",
                "@types/lodash": "~4.14.45",
                "@types/node": "^6.0.58",
                "@types/source-map": "~0.5.0",
                "@types/toastr": "^2.1.32"
            }
        },
        "node_modules/@types/angular": {
            "version": "1.5.23",
            "resolved": "https://registry.npmjs.org/@types/angular/-/angular-1.5.23.tgz",
            "integrity": "sha512-kaB/4V+Ne07NdMSTDkQNyIsJuSkwLFzdpeP5kw+Iq8lkBPXKgwVvH0S9WLPuAMYD82weyBebQpoZ5YaC4s7ADA==",
            "dev": true,
            "dependencies": {
                "@types/jquery": "*"
            }
        },
        "node_modules/@types/core-js": {
            "version": "0.9.46",
            "resolved": "https://registry.npmjs.org/@types/core-js/-/core-js-0.9.46.tgz",
            "integrity": "sha512-LooLR6XHes9V+kNYRz1Qm8w3atw9QMn7XeZUmIpUelllF9BdryeUKd/u0Wh5ErcjpWfG39NrToU9MF7ngsTFVw==",
            "dev": true
        },
        "node_modules/@types/hammerjs": {
            "version": "2.0.41",
            "resolved": "https://registry.npmjs.org/@types/hammerjs/-/hammerjs-2.0.41.tgz",
            "integrity": "sha512-ewXv/ceBaJprikMcxCmWU1FKyMAQ2X7a9Gtmzw8fcg2kIePI1crERDM818W+XYrxqdBBOdlf2rm137bU+BltCA==",
            "dev": true
        },
        "node_modules/@types/jasmine": {
            "version": "2.5.54",
            "resolved": "https://registry.npmjs.org/@types/jasmine/-/jasmine-2.5.54.tgz",
            "integrity": "sha512-B9YofFbUljs19g5gBKUYeLIulsh31U5AK70F41BImQRHEZQGm4GcN922UvnYwkduMqbC/NH+9fruWa/zrqvHIg==",
            "dev": true
        },
        "node_modules/@types/jquery": {
            "version": "3.5.16",
            "resolved": "https://registry.npmjs.org/@types/jquery/-/jquery-3.5.16.tgz",
            "integrity": "sha512-bsI7y4ZgeMkmpG9OM710RRzDFp+w4P1RGiIt30C1mSBT+ExCleeh4HObwgArnDFELmRrOpXgSYN9VF1hj+f1lw==",
            "dev": true,
            "dependencies": {
                "@types/sizzle": "*"
            }
        },
        "node_modules/@types/lodash": {
            "version": "4.14.194",
            "resolved": "https://registry.npmjs.org/@types/lodash/-/lodash-4.14.194.tgz",
            "integrity": "sha512-r22s9tAS7imvBt2lyHC9B8AGwWnXaYb1tY09oyLkXDs4vArpYJzw09nj8MLx5VfciBPGIb+ZwG0ssYnEPJxn/g==",
            "dev": true
        },
        "node_modules/@types/node": {
            "version": "6.14.13",
            "resolved": "https://registry.npmjs.org/@types/node/-/node-6.14.13.tgz",
            "integrity": "sha512-J1F0XJ/9zxlZel5ZlbeSuHW2OpabrUAqpFuC2sm2I3by8sERQ8+KCjNKUcq8QHuzpGMWiJpo9ZxeHrqrP2KzQw==",
            "dev": true
        },
        "node_modules/@types/sizzle": {
            "version": "2.3.3",
            "resolved": "https://registry.npmjs.org/@types/sizzle/-/sizzle-2.3.3.tgz",
            "integrity": "sha512-JYM8x9EGF163bEyhdJBpR2QX1R5naCJHC8ucJylJ3w9/CVBaskdQ8WqBf8MmQrd1kRvp/a4TS8HJ+bxzR7ZJYQ==",
            "dev": true
        },
        "node_modules/@types/source-map": {
            "version": "0.5.7",
            "resolved": "https://registry.npmjs.org/@types/source-map/-/source-map-0.5.7.tgz",
            "integrity": "sha512-LrnsgZIfJaysFkv9rRJp4/uAyqw87oVed3s1hhF83nwbo9c7MG9g5DqR0seHP+lkX4ldmMrVolPjQSe2ZfD0yA==",
            "deprecated": "This is a stub types definition for source-map (https://github.com/mozilla/source-map). source-map provides its own type definitions, so you don't need @types/source-map installed!",
            "dev": true,
            "dependencies": {
                "source-map": "*"
            }
        },
        "node_modules/@types/toastr": {
            "version": "2.1.40",
            "resolved": "https://registry.npmjs.org/@types/toastr/-/toastr-2.1.40.tgz",
            "integrity": "sha512-i/AL6/g8Jiraz/Ev1jG4oYw95kshz4yLbP7GvY5T0cfUrs1mbsE7v4DpOYdg54wCMmcWrCGzQOOWW5upIogMrQ==",
            "dev": true,
            "dependencies": {
                "@types/jquery": "*"
            }
        },
        "node_modules/source-map": {
            "version": "0.7.4",
            "resolved": "https://registry.npmjs.org/source-map/-/source-map-0.7.4.tgz",
            "integrity": "sha512-l3BikUxvPOcn5E74dZiq5BGsTb5yEwhaTSzccU6t4sDOH8NWJCstKO5QT2CvtFoK6F0saL7p9xHAqHOlCPJygA==",
            "dev": true,
            "engines": {
                "node": ">= 8"
            }
        }
    }
}
